// !$*UTF8*$!
{
	archiveVersion = 1;
	classes = {
	};
	objectVersion = 46;
	objects = {

/* Begin PBXBuildFile section */
		10541B9A1D18DBEA003F0364 /* AppDelegate.swift in Sources */ = {isa = PBXBuildFile; fileRef = 10541B991D18DBEA003F0364 /* AppDelegate.swift */; };
		10541B9C1D18DBEA003F0364 /* ViewController.swift in Sources */ = {isa = PBXBuildFile; fileRef = 10541B9B1D18DBEA003F0364 /* ViewController.swift */; };
		10541B9F1D18DBEA003F0364 /* Main.storyboard in Resources */ = {isa = PBXBuildFile; fileRef = 10541B9D1D18DBEA003F0364 /* Main.storyboard */; };
		10541BA11D18DBEA003F0364 /* Assets.xcassets in Resources */ = {isa = PBXBuildFile; fileRef = 10541BA01D18DBEA003F0364 /* Assets.xcassets */; };
		10541BA41D18DBEA003F0364 /* LaunchScreen.storyboard in Resources */ = {isa = PBXBuildFile; fileRef = 10541BA21D18DBEA003F0364 /* LaunchScreen.storyboard */; };
		10541BB01D18EC33003F0364 /* APIManager.swift in Sources */ = {isa = PBXBuildFile; fileRef = 10541BAF1D18EC33003F0364 /* APIManager.swift */; };
/* End PBXBuildFile section */

/* Begin PBXFileReference section */
		10541B961D18DBEA003F0364 /* MusicVideoApp.app */ = {isa = PBXFileReference; explicitFileType = wrapper.application; includeInIndex = 0; path = MusicVideoApp.app; sourceTree = BUILT_PRODUCTS_DIR; };
		10541B991D18DBEA003F0364 /* AppDelegate.swift */ = {isa = PBXFileReference; lastKnownFileType = sourcecode.swift; path = AppDelegate.swift; sourceTree = "<group>"; };
		10541B9B1D18DBEA003F0364 /* ViewController.swift */ = {isa = PBXFileReference; lastKnownFileType = sourcecode.swift; path = ViewController.swift; sourceTree = "<group>"; };
		10541B9E1D18DBEA003F0364 /* Base */ = {isa = PBXFileReference; lastKnownFileType = file.storyboard; name = Base; path = Base.lproj/Main.storyboard; sourceTree = "<group>"; };
		10541BA01D18DBEA003F0364 /* Assets.xcassets */ = {isa = PBXFileReference; lastKnownFileType = folder.assetcatalog; path = Assets.xcassets; sourceTree = "<group>"; };
		10541BA31D18DBEA003F0364 /* Base */ = {isa = PBXFileReference; lastKnownFileType = file.storyboard; name = Base; path = Base.lproj/LaunchScreen.storyboard; sourceTree = "<group>"; };
		10541BA51D18DBEA003F0364 /* Info.plist */ = {isa = PBXFileReference; lastKnownFileType = text.plist.xml; path = Info.plist; sourceTree = "<group>"; };
		10541BAF1D18EC33003F0364 /* APIManager.swift */ = {isa = PBXFileReference; fileEncoding = 4; lastKnownFileType = sourcecode.swift; path = APIManager.swift; sourceTree = "<group>"; };
/* End PBXFileReference section */

/* Begin PBXFrameworksBuildPhase section */
		10541B931D18DBEA003F0364 /* Frameworks */ = {
			isa = PBXFrameworksBuildPhase;
			buildActionMask = 2147483647;
			files = (
			);
			runOnlyForDeploymentPostprocessing = 0;
		};
/* End PBXFrameworksBuildPhase section */

/* Begin PBXGroup section */
		10541B8D1D18DBEA003F0364 = {
			isa = PBXGroup;
			children = (
				10541B981D18DBEA003F0364 /* MusicVideoApp */,
				10541B971D18DBEA003F0364 /* Products */,
			);
			sourceTree = "<group>";
		};
		10541B971D18DBEA003F0364 /* Products */ = {
			isa = PBXGroup;
			children = (
				10541B961D18DBEA003F0364 /* MusicVideoApp.app */,
			);
			name = Products;
			sourceTree = "<group>";
		};
		10541B981D18DBEA003F0364 /* MusicVideoApp */ = {
			isa = PBXGroup;
			children = (
				10541BAE1D18E288003F0364 /* supporting files */,
				10541BAB1D18E22D003F0364 /* Model */,
				10541BAC1D18E235003F0364 /* Controller */,
				10541BAD1D18E243003F0364 /* View */,
			);
			path = MusicVideoApp;
			sourceTree = "<group>";
		};
		10541BAB1D18E22D003F0364 /* Model */ = {
			isa = PBXGroup;
			children = (
				10541BAF1D18EC33003F0364 /* APIManager.swift */,
			);
			name = Model;
			sourceTree = "<group>";
		};
		10541BAC1D18E235003F0364 /* Controller */ = {
			isa = PBXGroup;
			children = (
				10541B9B1D18DBEA003F0364 /* ViewController.swift */,
			);
			name = Controller;
			sourceTree = "<group>";
		};
		10541BAD1D18E243003F0364 /* View */ = {
			isa = PBXGroup;
			children = (
				10541BA21D18DBEA003F0364 /* LaunchScreen.storyboard */,
				10541B9D1D18DBEA003F0364 /* Main.storyboard */,
			);
			name = View;
			sourceTree = "<group>";
		};
		10541BAE1D18E288003F0364 /* supporting files */ = {
			isa = PBXGroup;
			children = (
				10541B991D18DBEA003F0364 /* AppDelegate.swift */,
				10541BA01D18DBEA003F0364 /* Assets.xcassets */,
				10541BA51D18DBEA003F0364 /* Info.plist */,
			);
			name = "supporting files";
			sourceTree = "<group>";
		};
/* End PBXGroup section */

/* Begin PBXNativeTarget section */
		10541B951D18DBEA003F0364 /* MusicVideoApp */ = {
			isa = PBXNativeTarget;
			buildConfigurationList = 10541BA81D18DBEA003F0364 /* Build configuration list for PBXNativeTarget "MusicVideoApp" */;
			buildPhases = (
				10541B921D18DBEA003F0364 /* Sources */,
				10541B931D18DBEA003F0364 /* Frameworks */,
				10541B941D18DBEA003F0364 /* Resources */,
			);
			buildRules = (
			);
			dependencies = (
			);
			name = MusicVideoApp;
			productName = MusicVideoApp;
			productReference = 10541B961D18DBEA003F0364 /* MusicVideoApp.app */;
			productType = "com.apple.product-type.application";
		};
/* End PBXNativeTarget section */

/* Begin PBXProject section */
		10541B8E1D18DBEA003F0364 /* Project object */ = {
			isa = PBXProject;
			attributes = {
				LastSwiftUpdateCheck = 0730;
				LastUpgradeCheck = 0730;
				ORGANIZATIONNAME = "marvin evins";
				TargetAttributes = {
					10541B951D18DBEA003F0364 = {
						CreatedOnToolsVersion = 7.3.1;
					};
				};
			};
			buildConfigurationList = 10541B911D18DBEA003F0364 /* Build configuration list for PBXProject "MusicVideoApp" */;
			compatibilityVersion = "Xcode 3.2";
			developmentRegion = English;
			hasScannedForEncodings = 0;
			knownRegions = (
				en,
				Base,
			);
			mainGroup = 10541B8D1D18DBEA003F0364;
			productRefGroup = 10541B971D18DBEA003F0364 /* Products */;
			projectDirPath = "";
			projectRoot = "";
			targets = (
				10541B951D18DBEA003F0364 /* MusicVideoApp */,
			);
		};
/* End PBXProject section */

/* Begin PBXResourcesBuildPhase section */
		10541B941D18DBEA003F0364 /* Resources */ = {
			isa = PBXResourcesBuildPhase;
			buildActionMask = 2147483647;
			files = (
				10541BA41D18DBEA003F0364 /* LaunchScreen.storyboard in Resources */,
				10541BA11D18DBEA003F0364 /* Assets.xcassets in Resources */,
				10541B9F1D18DBEA003F0364 /* Main.storyboard in Resources */,
			);
			runOnlyForDeploymentPostprocessing = 0;
		};
/* End PBXResourcesBuildPhase section */

/* Begin PBXSourcesBuildPhase section */
		10541B921D18DBEA003F0364 /* Sources */ = {
			isa = PBXSourcesBuildPhase;
			buildActionMask = 2147483647;
			files = (
				10541BB01D18EC33003F0364 /* APIManager.swift in Sources */,
				10541B9C1D18DBEA003F0364 /* ViewController.swift in Sources */,
				10541B9A1D18DBEA003F0364 /* AppDelegate.swift in Sources */,
			);
			runOnlyForDeploymentPostprocessing = 0;
		};
/* End PBXSourcesBuildPhase section */

/* Begin PBXVariantGroup section */
		10541B9D1D18DBEA003F0364 /* Main.storyboard */ = {
			isa = PBXVariantGroup;
			children = (
				10541B9E1D18DBEA003F0364 /* Base */,
			);
			name = Main.storyboard;
			sourceTree = "<group>";
		};
		10541BA21D18DBEA003F0364 /* LaunchScreen.storyboard */ = {
			isa = PBXVariantGroup;
			children = (
				10541BA31D18DBEA003F0364 /* Base */,
			);
			name = LaunchScreen.storyboard;
			sourceTree = "<group>";
		};
/* End PBXVariantGroup section */

/* Begin XCBuildConfiguration section */
		10541BA61D18DBEA003F0364 /* Debug */ = {
			isa = XCBuildConfiguration;
			buildSettings = {
				ALWAYS_SEARCH_USER_PATHS = NO;
				CLANG_ANALYZER_NONNULL = YES;
				CLANG_CXX_LANGUAGE_STANDARD = "gnu++0x";
				CLANG_CXX_LIBRARY = "libc++";
				CLANG_ENABLE_MODULES = YES;
				CLANG_ENABLE_OBJC_ARC = YES;
				CLANG_WARN_BOOL_CONVERSION = YES;
				CLANG_WARN_CONSTANT_CONVERSION = YES;
				CLANG_WARN_DIRECT_OBJC_ISA_USAGE = YES_ERROR;
				CLANG_WARN_EMPTY_BODY = YES;
				CLANG_WARN_ENUM_CONVERSION = YES;
				CLANG_WARN_INT_CONVERSION = YES;
				CLANG_WARN_OBJC_ROOT_CLASS = YES_ERROR;
				CLANG_WARN_UNREACHABLE_CODE = YES;
				CLANG_WARN__DUPLICATE_METHOD_MATCH = YES;
				"CODE_SIGN_IDENTITY[sdk=iphoneos*]" = "iPhone Developer";
				COPY_PHASE_STRIP = NO;
				DEBUG_INFORMATION_FORMAT = dwarf;
				ENABLE_STRICT_OBJC_MSGSEND = YES;
				ENABLE_TESTABILITY = YES;
				GCC_C_LANGUAGE_STANDARD = gnu99;
				GCC_DYNAMIC_NO_PIC = NO;
				GCC_NO_COMMON_BLOCKS = YES;
				GCC_OPTIMIZATION_LEVEL = 0;
				GCC_PREPROCESSOR_DEFINITIONS = (
					"DEBUG=1",
					"$(inherited)",
				);
				GCC_WARN_64_TO_32_BIT_CONVERSION = YES;
				GCC_WARN_ABOUT_RETURN_TYPE = YES_ERROR;
				GCC_WARN_UNDECLARED_SELECTOR = YES;
				GCC_WARN_UNINITIALIZED_AUTOS = YES_AGGRESSIVE;
				GCC_WARN_UNUSED_FUNCTION = YES;
				GCC_WARN_UNUSED_VARIABLE = YES;
				IPHONEOS_DEPLOYMENT_TARGET = 9.3;
				MTL_ENABLE_DEBUG_INFO = YES;
				ONLY_ACTIVE_ARCH = YES;
				SDKROOT = iphoneos;
				SWIFT_OPTIMIZATION_LEVEL = "-Onone";
			};
			name = Debug;
		};
		10541BA71D18DBEA003F0364 /* Release */ = {
			isa = XCBuildConfiguration;
			buildSettings = {
				ALWAYS_SEARCH_USER_PATHS = NO;
				CLANG_ANALYZER_NONNULL = YES;
				CLANG_CXX_LANGUAGE_STANDARD = "gnu++0x";
				CLANG_CXX_LIBRARY = "libc++";
				CLANG_ENABLE_MODULES = YES;
				CLANG_ENABLE_OBJC_ARC = YES;
				CLANG_WARN_BOOL_CONVERSION = YES;
				CLANG_WARN_CONSTANT_CONVERSION = YES;
				CLANG_WARN_DIRECT_OBJC_ISA_USAGE = YES_ERROR;
				CLANG_WARN_EMPTY_BODY = YES;
				CLANG_WARN_ENUM_CONVERSION = YES;
				CLANG_WARN_INT_CONVERSION = YES;
				CLANG_WARN_OBJC_ROOT_CLASS = YES_ERROR;
				CLANG_WARN_UNREACHABLE_CODE = YES;
				CLANG_WARN__DUPLICATE_METHOD_MATCH = YES;
				"CODE_SIGN_IDENTITY[sdk=iphoneos*]" = "iPhone Developer";
				COPY_PHASE_STRIP = NO;
				DEBUG_INFORMATION_FORMAT = "dwarf-with-dsym";
				ENABLE_NS_ASSERTIONS = NO;
				ENABLE_STRICT_OBJC_MSGSEND = YES;
				GCC_C_LANGUAGE_STANDARD = gnu99;
				GCC_NO_COMMON_BLOCKS = YES;
				GCC_WARN_64_TO_32_BIT_CONVERSION = YES;
				GCC_WARN_ABOUT_RETURN_TYPE = YES_ERROR;
				GCC_WARN_UNDECLARED_SELECTOR = YES;
				GCC_WARN_UNINITIALIZED_AUTOS = YES_AGGRESSIVE;
				GCC_WARN_UNUSED_FUNCTION = YES;
				GCC_WARN_UNUSED_VARIABLE = YES;
				IPHONEOS_DEPLOYMENT_TARGET = 9.3;
				MTL_ENABLE_DEBUG_INFO = NO;
				SDKROOT = iphoneos;
				VALIDATE_PRODUCT = YES;
			};
			name = Release;
		};
		10541BA91D18DBEA003F0364 /* Debug */ = {
			isa = XCBuildConfiguration;
			buildSettings = {
				ASSETCATALOG_COMPILER_APPICON_NAME = AppIcon;
				INFOPLIST_FILE = MusicVideoApp/Info.plist;
				LD_RUNPATH_SEARCH_PATHS = "$(inherited) @executable_path/Frameworks";
				PRODUCT_BUNDLE_IDENTIFIER = udevdesign.com.MusicVideoApp;
				PRODUCT_NAME = "$(TARGET_NAME)";
			};
			name = Debug;
		};
		10541BAA1D18DBEA003F0364 /* Release */ = {
			isa = XCBuildConfiguration;
			buildSettings = {
				ASSETCATALOG_COMPILER_APPICON_NAME = AppIcon;
				INFOPLIST_FILE = MusicVideoApp/Info.plist;
				LD_RUNPATH_SEARCH_PATHS = "$(inherited) @executable_path/Frameworks";
				PRODUCT_BUNDLE_IDENTIFIER = udevdesign.com.MusicVideoApp;
				PRODUCT_NAME = "$(TARGET_NAME)";
			};
			name = Release;
		};
/* End XCBuildConfiguration section */

/* Begin XCConfigurationList section */
		10541B911D18DBEA003F0364 /* Build configuration list for PBXProject "MusicVideoApp" */ = {
			isa = XCConfigurationList;
			buildConfigurations = (
				10541BA61D18DBEA003F0364 /* Debug */,
				10541BA71D18DBEA003F0364 /* Release */,
			);
			defaultConfigurationIsVisible = 0;
			defaultConfigurationName = Release;
		};
		10541BA81D18DBEA003F0364 /* Build configuration list for PBXNativeTarget "MusicVideoApp" */ = {
			isa = XCConfigurationList;
			buildConfigurations = (
				10541BA91D18DBEA003F0364 /* Debug */,
				10541BAA1D18DBEA003F0364 /* Release */,
			);
			defaultConfigurationIsVisible = 0;
		};
/* End XCConfigurationList section */
	};
	rootObject = 10541B8E1D18DBEA003F0364 /* Project object */;
}
